// !$*UTF8*$!
{
	archiveVersion = 1;
	classes = {
	};
	objectVersion = 56;
	objects = {

/* Begin PBXBuildFile section */
		1144127E2C2041350048B1E4 /* AccountPresenter.swift in Sources */ = {isa = PBXBuildFile; fileRef = 1144127D2C2041350048B1E4 /* AccountPresenter.swift */; };
		114412812C20CAC10048B1E4 /* KeyStorage.swift in Sources */ = {isa = PBXBuildFile; fileRef = 114412802C20CAC10048B1E4 /* KeyStorage.swift */; };
		114412842C20D9C40048B1E4 /* ProfileView.swift in Sources */ = {isa = PBXBuildFile; fileRef = 114412832C20D9C40048B1E4 /* ProfileView.swift */; };
		114412872C221E280048B1E4 /* CartView.swift in Sources */ = {isa = PBXBuildFile; fileRef = 114412862C221E280048B1E4 /* CartView.swift */; };
		1144128B2C2226E90048B1E4 /* CartPresenter.swift in Sources */ = {isa = PBXBuildFile; fileRef = 1144128A2C2226E90048B1E4 /* CartPresenter.swift */; };
		114412942C22E7DA0048B1E4 /* ShoppingCartService.swift in Sources */ = {isa = PBXBuildFile; fileRef = 114412932C22E7DA0048B1E4 /* ShoppingCartService.swift */; };
		114412962C22F26D0048B1E4 /* Assets.xcassets in Resources */ = {isa = PBXBuildFile; fileRef = 11ED9B392C1833290066CD9C /* Assets.xcassets */; };
		114412972C22F26D0048B1E4 /* LaunchScreen.storyboard in Resources */ = {isa = PBXBuildFile; fileRef = 11ED9B3B2C1833290066CD9C /* LaunchScreen.storyboard */; };
		1144129E2C230BEB0048B1E4 /* CartCoreData.swift in Sources */ = {isa = PBXBuildFile; fileRef = 1144129C2C230B430048B1E4 /* CartCoreData.swift */; };
		114412A02C24235E0048B1E4 /* CartViewModel.swift in Sources */ = {isa = PBXBuildFile; fileRef = 1144129F2C24235E0048B1E4 /* CartViewModel.swift */; };
		114412A22C2423C20048B1E4 /* CartCollectionViewDataSource.swift in Sources */ = {isa = PBXBuildFile; fileRef = 114412A12C2423C20048B1E4 /* CartCollectionViewDataSource.swift */; };
		114412A52C243A430048B1E4 /* CartCollectionViewCell.swift in Sources */ = {isa = PBXBuildFile; fileRef = 114412A42C243A430048B1E4 /* CartCollectionViewCell.swift */; };
		11ED9B2E2C1833280066CD9C /* AppDelegate.swift in Sources */ = {isa = PBXBuildFile; fileRef = 11ED9B2D2C1833280066CD9C /* AppDelegate.swift */; };
		11ED9B302C1833280066CD9C /* SceneDelegate.swift in Sources */ = {isa = PBXBuildFile; fileRef = 11ED9B2F2C1833280066CD9C /* SceneDelegate.swift */; };
		11ED9B382C1833280066CD9C /* FinalProject_CFT.xcdatamodeld in Sources */ = {isa = PBXBuildFile; fileRef = 11ED9B362C1833280066CD9C /* FinalProject_CFT.xcdatamodeld */; };
		11ED9B492C1836840066CD9C /* ProductsListViewController.swift in Sources */ = {isa = PBXBuildFile; fileRef = 11ED9B482C1836840066CD9C /* ProductsListViewController.swift */; };
		11ED9B4B2C1836C40066CD9C /* AccountViewController.swift in Sources */ = {isa = PBXBuildFile; fileRef = 11ED9B4A2C1836C40066CD9C /* AccountViewController.swift */; };
		11ED9B4D2C1837330066CD9C /* CartViewController.swift in Sources */ = {isa = PBXBuildFile; fileRef = 11ED9B4C2C1837330066CD9C /* CartViewController.swift */; };
		11ED9B562C1842EF0066CD9C /* ProductsControllerCoordinator.swift in Sources */ = {isa = PBXBuildFile; fileRef = 11ED9B552C1842EF0066CD9C /* ProductsControllerCoordinator.swift */; };
		11ED9B582C1843090066CD9C /* TabBarCoordinator.swift in Sources */ = {isa = PBXBuildFile; fileRef = 11ED9B572C1843090066CD9C /* TabBarCoordinator.swift */; };
		11ED9B5D2C18452F0066CD9C /* CartControllerCoordinator.swift in Sources */ = {isa = PBXBuildFile; fileRef = 11ED9B5C2C18452F0066CD9C /* CartControllerCoordinator.swift */; };
		11ED9B612C184A000066CD9C /* AccountControllerCoordinator.swift in Sources */ = {isa = PBXBuildFile; fileRef = 11ED9B602C184A000066CD9C /* AccountControllerCoordinator.swift */; };
		11ED9B662C1882440066CD9C /* DataRepository.swift in Sources */ = {isa = PBXBuildFile; fileRef = 11ED9B652C1882440066CD9C /* DataRepository.swift */; };
		11ED9B682C1884090066CD9C /* NetworkManager.swift in Sources */ = {isa = PBXBuildFile; fileRef = 11ED9B672C1884090066CD9C /* NetworkManager.swift */; };
		11ED9B6C2C189F6A0066CD9C /* ProductsView.swift in Sources */ = {isa = PBXBuildFile; fileRef = 11ED9B6B2C189F6A0066CD9C /* ProductsView.swift */; };
		11ED9B6E2C18A1060066CD9C /* ProductsPresenter.swift in Sources */ = {isa = PBXBuildFile; fileRef = 11ED9B6D2C18A1060066CD9C /* ProductsPresenter.swift */; };
		11ED9B702C18A12E0066CD9C /* ProductsViewModel.swift in Sources */ = {isa = PBXBuildFile; fileRef = 11ED9B6F2C18A12E0066CD9C /* ProductsViewModel.swift */; };
		11ED9B732C19933F0066CD9C /* CategoriesCollectionViewCell.swift in Sources */ = {isa = PBXBuildFile; fileRef = 11ED9B722C19933F0066CD9C /* CategoriesCollectionViewCell.swift */; };
		11ED9B762C19AC2A0066CD9C /* CategoriesCollectionViewDataSource.swift in Sources */ = {isa = PBXBuildFile; fileRef = 11ED9B752C19AC2A0066CD9C /* CategoriesCollectionViewDataSource.swift */; };
		11ED9B7B2C19CED10066CD9C /* ProductsCollectionViewCell.swift in Sources */ = {isa = PBXBuildFile; fileRef = 11ED9B7A2C19CED10066CD9C /* ProductsCollectionViewCell.swift */; };
		11ED9B7D2C1AE48E0066CD9C /* ProductsCollectionViewDataSource.swift in Sources */ = {isa = PBXBuildFile; fileRef = 11ED9B7C2C1AE48E0066CD9C /* ProductsCollectionViewDataSource.swift */; };
		11ED9B832C1C51570066CD9C /* ProductInformationViewContoller.swift in Sources */ = {isa = PBXBuildFile; fileRef = 11ED9B822C1C51570066CD9C /* ProductInformationViewContoller.swift */; };
		11ED9B862C1EE4640066CD9C /* ProductInfoView.swift in Sources */ = {isa = PBXBuildFile; fileRef = 11ED9B852C1EE4640066CD9C /* ProductInfoView.swift */; };
		11ED9B892C2016490066CD9C /* ProductsInfoPresenter.swift in Sources */ = {isa = PBXBuildFile; fileRef = 11ED9B882C2016490066CD9C /* ProductsInfoPresenter.swift */; };
		11ED9B8B2C2017DD0066CD9C /* ProductInfoModel.swift in Sources */ = {isa = PBXBuildFile; fileRef = 11ED9B8A2C2017DD0066CD9C /* ProductInfoModel.swift */; };
		11ED9B8E2C202AC30066CD9C /* AuthView.swift in Sources */ = {isa = PBXBuildFile; fileRef = 11ED9B8D2C202AC30066CD9C /* AuthView.swift */; };
		EBF62AE660A5C7B921B2106F /* Pods_FinalProject_CFT.framework in Frameworks */ = {isa = PBXBuildFile; fileRef = 29CAC739C40BD84B3F3C9F96 /* Pods_FinalProject_CFT.framework */; };
/* End PBXBuildFile section */

/* Begin PBXFileReference section */
		085DF9EF259980DD47F61747 /* Pods-FinalProject_CFT.release.xcconfig */ = {isa = PBXFileReference; includeInIndex = 1; lastKnownFileType = text.xcconfig; name = "Pods-FinalProject_CFT.release.xcconfig"; path = "Target Support Files/Pods-FinalProject_CFT/Pods-FinalProject_CFT.release.xcconfig"; sourceTree = "<group>"; };
		1144127D2C2041350048B1E4 /* AccountPresenter.swift */ = {isa = PBXFileReference; lastKnownFileType = sourcecode.swift; path = AccountPresenter.swift; sourceTree = "<group>"; };
		114412802C20CAC10048B1E4 /* KeyStorage.swift */ = {isa = PBXFileReference; lastKnownFileType = sourcecode.swift; path = KeyStorage.swift; sourceTree = "<group>"; };
		114412832C20D9C40048B1E4 /* ProfileView.swift */ = {isa = PBXFileReference; lastKnownFileType = sourcecode.swift; path = ProfileView.swift; sourceTree = "<group>"; };
		114412862C221E280048B1E4 /* CartView.swift */ = {isa = PBXFileReference; lastKnownFileType = sourcecode.swift; path = CartView.swift; sourceTree = "<group>"; };
		1144128A2C2226E90048B1E4 /* CartPresenter.swift */ = {isa = PBXFileReference; lastKnownFileType = sourcecode.swift; path = CartPresenter.swift; sourceTree = "<group>"; };
		114412932C22E7DA0048B1E4 /* ShoppingCartService.swift */ = {isa = PBXFileReference; lastKnownFileType = sourcecode.swift; path = ShoppingCartService.swift; sourceTree = "<group>"; };
		1144129C2C230B430048B1E4 /* CartCoreData.swift */ = {isa = PBXFileReference; lastKnownFileType = sourcecode.swift; path = CartCoreData.swift; sourceTree = "<group>"; };
		1144129F2C24235E0048B1E4 /* CartViewModel.swift */ = {isa = PBXFileReference; lastKnownFileType = sourcecode.swift; path = CartViewModel.swift; sourceTree = "<group>"; };
		114412A12C2423C20048B1E4 /* CartCollectionViewDataSource.swift */ = {isa = PBXFileReference; lastKnownFileType = sourcecode.swift; path = CartCollectionViewDataSource.swift; sourceTree = "<group>"; };
		114412A42C243A430048B1E4 /* CartCollectionViewCell.swift */ = {isa = PBXFileReference; lastKnownFileType = sourcecode.swift; path = CartCollectionViewCell.swift; sourceTree = "<group>"; };
		11ED9B2A2C1833280066CD9C /* FinalProject_CFT.app */ = {isa = PBXFileReference; explicitFileType = wrapper.application; includeInIndex = 0; path = FinalProject_CFT.app; sourceTree = BUILT_PRODUCTS_DIR; };
		11ED9B2D2C1833280066CD9C /* AppDelegate.swift */ = {isa = PBXFileReference; lastKnownFileType = sourcecode.swift; path = AppDelegate.swift; sourceTree = "<group>"; };
		11ED9B2F2C1833280066CD9C /* SceneDelegate.swift */ = {isa = PBXFileReference; lastKnownFileType = sourcecode.swift; path = SceneDelegate.swift; sourceTree = "<group>"; };
		11ED9B372C1833280066CD9C /* FinalProject_CFT.xcdatamodel */ = {isa = PBXFileReference; lastKnownFileType = wrapper.xcdatamodel; path = FinalProject_CFT.xcdatamodel; sourceTree = "<group>"; };
		11ED9B392C1833290066CD9C /* Assets.xcassets */ = {isa = PBXFileReference; lastKnownFileType = folder.assetcatalog; path = Assets.xcassets; sourceTree = "<group>"; };
		11ED9B3C2C1833290066CD9C /* Base */ = {isa = PBXFileReference; lastKnownFileType = file.storyboard; name = Base; path = Base.lproj/LaunchScreen.storyboard; sourceTree = "<group>"; };
		11ED9B3E2C1833290066CD9C /* Info.plist */ = {isa = PBXFileReference; lastKnownFileType = text.plist.xml; path = Info.plist; sourceTree = "<group>"; };
		11ED9B482C1836840066CD9C /* ProductsListViewController.swift */ = {isa = PBXFileReference; lastKnownFileType = sourcecode.swift; path = ProductsListViewController.swift; sourceTree = "<group>"; };
		11ED9B4A2C1836C40066CD9C /* AccountViewController.swift */ = {isa = PBXFileReference; lastKnownFileType = sourcecode.swift; path = AccountViewController.swift; sourceTree = "<group>"; };
		11ED9B4C2C1837330066CD9C /* CartViewController.swift */ = {isa = PBXFileReference; lastKnownFileType = sourcecode.swift; path = CartViewController.swift; sourceTree = "<group>"; };
		11ED9B552C1842EF0066CD9C /* ProductsControllerCoordinator.swift */ = {isa = PBXFileReference; lastKnownFileType = sourcecode.swift; path = ProductsControllerCoordinator.swift; sourceTree = "<group>"; };
		11ED9B572C1843090066CD9C /* TabBarCoordinator.swift */ = {isa = PBXFileReference; lastKnownFileType = sourcecode.swift; path = TabBarCoordinator.swift; sourceTree = "<group>"; };
		11ED9B5C2C18452F0066CD9C /* CartControllerCoordinator.swift */ = {isa = PBXFileReference; lastKnownFileType = sourcecode.swift; path = CartControllerCoordinator.swift; sourceTree = "<group>"; };
		11ED9B602C184A000066CD9C /* AccountControllerCoordinator.swift */ = {isa = PBXFileReference; lastKnownFileType = sourcecode.swift; path = AccountControllerCoordinator.swift; sourceTree = "<group>"; };
		11ED9B652C1882440066CD9C /* DataRepository.swift */ = {isa = PBXFileReference; lastKnownFileType = sourcecode.swift; path = DataRepository.swift; sourceTree = "<group>"; };
		11ED9B672C1884090066CD9C /* NetworkManager.swift */ = {isa = PBXFileReference; lastKnownFileType = sourcecode.swift; path = NetworkManager.swift; sourceTree = "<group>"; };
		11ED9B6B2C189F6A0066CD9C /* ProductsView.swift */ = {isa = PBXFileReference; lastKnownFileType = sourcecode.swift; path = ProductsView.swift; sourceTree = "<group>"; };
		11ED9B6D2C18A1060066CD9C /* ProductsPresenter.swift */ = {isa = PBXFileReference; lastKnownFileType = sourcecode.swift; path = ProductsPresenter.swift; sourceTree = "<group>"; };
		11ED9B6F2C18A12E0066CD9C /* ProductsViewModel.swift */ = {isa = PBXFileReference; lastKnownFileType = sourcecode.swift; path = ProductsViewModel.swift; sourceTree = "<group>"; };
		11ED9B722C19933F0066CD9C /* CategoriesCollectionViewCell.swift */ = {isa = PBXFileReference; lastKnownFileType = sourcecode.swift; path = CategoriesCollectionViewCell.swift; sourceTree = "<group>"; };
		11ED9B752C19AC2A0066CD9C /* CategoriesCollectionViewDataSource.swift */ = {isa = PBXFileReference; lastKnownFileType = sourcecode.swift; path = CategoriesCollectionViewDataSource.swift; sourceTree = "<group>"; };
		11ED9B7A2C19CED10066CD9C /* ProductsCollectionViewCell.swift */ = {isa = PBXFileReference; lastKnownFileType = sourcecode.swift; path = ProductsCollectionViewCell.swift; sourceTree = "<group>"; };
		11ED9B7C2C1AE48E0066CD9C /* ProductsCollectionViewDataSource.swift */ = {isa = PBXFileReference; lastKnownFileType = sourcecode.swift; path = ProductsCollectionViewDataSource.swift; sourceTree = "<group>"; };
		11ED9B822C1C51570066CD9C /* ProductInformationViewContoller.swift */ = {isa = PBXFileReference; lastKnownFileType = sourcecode.swift; path = ProductInformationViewContoller.swift; sourceTree = "<group>"; };
		11ED9B852C1EE4640066CD9C /* ProductInfoView.swift */ = {isa = PBXFileReference; lastKnownFileType = sourcecode.swift; path = ProductInfoView.swift; sourceTree = "<group>"; };
		11ED9B882C2016490066CD9C /* ProductsInfoPresenter.swift */ = {isa = PBXFileReference; lastKnownFileType = sourcecode.swift; path = ProductsInfoPresenter.swift; sourceTree = "<group>"; };
		11ED9B8A2C2017DD0066CD9C /* ProductInfoModel.swift */ = {isa = PBXFileReference; lastKnownFileType = sourcecode.swift; path = ProductInfoModel.swift; sourceTree = "<group>"; };
		11ED9B8D2C202AC30066CD9C /* AuthView.swift */ = {isa = PBXFileReference; lastKnownFileType = sourcecode.swift; path = AuthView.swift; sourceTree = "<group>"; };
		29CAC739C40BD84B3F3C9F96 /* Pods_FinalProject_CFT.framework */ = {isa = PBXFileReference; explicitFileType = wrapper.framework; includeInIndex = 0; path = Pods_FinalProject_CFT.framework; sourceTree = BUILT_PRODUCTS_DIR; };
		78033D19B3109A290334B03A /* Pods-FinalProject_CFT.debug.xcconfig */ = {isa = PBXFileReference; includeInIndex = 1; lastKnownFileType = text.xcconfig; name = "Pods-FinalProject_CFT.debug.xcconfig"; path = "Target Support Files/Pods-FinalProject_CFT/Pods-FinalProject_CFT.debug.xcconfig"; sourceTree = "<group>"; };
/* End PBXFileReference section */

/* Begin PBXFrameworksBuildPhase section */
		11ED9B272C1833280066CD9C /* Frameworks */ = {
			isa = PBXFrameworksBuildPhase;
			buildActionMask = 2147483647;
			files = (
				EBF62AE660A5C7B921B2106F /* Pods_FinalProject_CFT.framework in Frameworks */,
			);
			runOnlyForDeploymentPostprocessing = 0;
		};
/* End PBXFrameworksBuildPhase section */

/* Begin PBXGroup section */
		1144127C2C2041230048B1E4 /* Presenter */ = {
			isa = PBXGroup;
			children = (
				1144127D2C2041350048B1E4 /* AccountPresenter.swift */,
			);
			path = Presenter;
			sourceTree = "<group>";
		};
		1144127F2C20CAB10048B1E4 /* Storage */ = {
			isa = PBXGroup;
			children = (
				114412802C20CAC10048B1E4 /* KeyStorage.swift */,
			);
			path = Storage;
			sourceTree = "<group>";
		};
		114412822C20D9B50048B1E4 /* ProfileView */ = {
			isa = PBXGroup;
			children = (
				114412832C20D9C40048B1E4 /* ProfileView.swift */,
			);
			path = ProfileView;
			sourceTree = "<group>";
		};
		114412852C221E1A0048B1E4 /* CartView */ = {
			isa = PBXGroup;
			children = (
				114412862C221E280048B1E4 /* CartView.swift */,
				1144129F2C24235E0048B1E4 /* CartViewModel.swift */,
				114412A32C243A280048B1E4 /* CartCollectionViewCell */,
				114412A62C243AD70048B1E4 /* DataSource */,
			);
			path = CartView;
			sourceTree = "<group>";
		};
		114412882C221F350048B1E4 /* View */ = {
			isa = PBXGroup;
			children = (
				11ED9B822C1C51570066CD9C /* ProductInformationViewContoller.swift */,
				11ED9B842C1EE4560066CD9C /* ProductInfoView */,
			);
			path = View;
			sourceTree = "<group>";
		};
		114412892C2226D70048B1E4 /* Presenter */ = {
			isa = PBXGroup;
			children = (
				1144128A2C2226E90048B1E4 /* CartPresenter.swift */,
			);
			path = Presenter;
			sourceTree = "<group>";
		};
		1144128C2C22E4AD0048B1E4 /* CoreData */ = {
			isa = PBXGroup;
			children = (
				1144128D2C22E4D40048B1E4 /* UserCartCoreDataClass */,
				11ED9B362C1833280066CD9C /* FinalProject_CFT.xcdatamodeld */,
			);
			path = CoreData;
			sourceTree = "<group>";
		};
		1144128D2C22E4D40048B1E4 /* UserCartCoreDataClass */ = {
			isa = PBXGroup;
			children = (
				1144129C2C230B430048B1E4 /* CartCoreData.swift */,
			);
			path = UserCartCoreDataClass;
			sourceTree = "<group>";
		};
		114412A32C243A280048B1E4 /* CartCollectionViewCell */ = {
			isa = PBXGroup;
			children = (
				114412A42C243A430048B1E4 /* CartCollectionViewCell.swift */,
			);
			path = CartCollectionViewCell;
			sourceTree = "<group>";
		};
		114412A62C243AD70048B1E4 /* DataSource */ = {
			isa = PBXGroup;
			children = (
				114412A12C2423C20048B1E4 /* CartCollectionViewDataSource.swift */,
			);
			path = DataSource;
			sourceTree = "<group>";
		};
		11ED9B212C1833280066CD9C = {
			isa = PBXGroup;
			children = (
				11ED9B2C2C1833280066CD9C /* FinalProject_CFT */,
				11ED9B2B2C1833280066CD9C /* Products */,
				D0D2698A44B3F01C8D7D402A /* Pods */,
				C7E1F1F4ED09AF09787046FB /* Frameworks */,
			);
			sourceTree = "<group>";
		};
		11ED9B2B2C1833280066CD9C /* Products */ = {
			isa = PBXGroup;
			children = (
				11ED9B2A2C1833280066CD9C /* FinalProject_CFT.app */,
			);
			name = Products;
			sourceTree = "<group>";
		};
		11ED9B2C2C1833280066CD9C /* FinalProject_CFT */ = {
			isa = PBXGroup;
			children = (
				1144128C2C22E4AD0048B1E4 /* CoreData */,
				1144127F2C20CAB10048B1E4 /* Storage */,
				11ED9B642C185BDD0066CD9C /* MainModel */,
				11ED9B4E2C183F070066CD9C /* MainCoordinator */,
				11ED9B7F2C1C49B30066CD9C /* Modules */,
				11ED9B462C1836200066CD9C /* Application */,
				11ED9B472C1836300066CD9C /* Resources */,
			);
			path = FinalProject_CFT;
			sourceTree = "<group>";
		};
		11ED9B462C1836200066CD9C /* Application */ = {
			isa = PBXGroup;
			children = (
				11ED9B2D2C1833280066CD9C /* AppDelegate.swift */,
				11ED9B2F2C1833280066CD9C /* SceneDelegate.swift */,
			);
			path = Application;
			sourceTree = "<group>";
		};
		11ED9B472C1836300066CD9C /* Resources */ = {
			isa = PBXGroup;
			children = (
				11ED9B392C1833290066CD9C /* Assets.xcassets */,
				11ED9B3B2C1833290066CD9C /* LaunchScreen.storyboard */,
				11ED9B3E2C1833290066CD9C /* Info.plist */,
			);
			path = Resources;
			sourceTree = "<group>";
		};
		11ED9B4E2C183F070066CD9C /* MainCoordinator */ = {
			isa = PBXGroup;
			children = (
				11ED9B572C1843090066CD9C /* TabBarCoordinator.swift */,
			);
			path = MainCoordinator;
			sourceTree = "<group>";
		};
		11ED9B512C18422F0066CD9C /* StoreScreen */ = {
			isa = PBXGroup;
			children = (
				11ED9B542C1842CB0066CD9C /* Coordinator */,
				11ED9B802C1C510F0066CD9C /* StoreModule */,
				11ED9B812C1C512D0066CD9C /* ProductInfoModule */,
			);
			path = StoreScreen;
			sourceTree = "<group>";
		};
		11ED9B522C1842370066CD9C /* CartScreen */ = {
			isa = PBXGroup;
			children = (
				11ED9B5A2C18451A0066CD9C /* Coordinator */,
				11ED9B5B2C1845200066CD9C /* View */,
				114412892C2226D70048B1E4 /* Presenter */,
			);
			path = CartScreen;
			sourceTree = "<group>";
		};
		11ED9B532C18423F0066CD9C /* AccountScreen */ = {
			isa = PBXGroup;
			children = (
				11ED9B5E2C1849DD0066CD9C /* Coordinator */,
				11ED9B5F2C1849EF0066CD9C /* View */,
				1144127C2C2041230048B1E4 /* Presenter */,
			);
			path = AccountScreen;
			sourceTree = "<group>";
		};
		11ED9B542C1842CB0066CD9C /* Coordinator */ = {
			isa = PBXGroup;
			children = (
				11ED9B552C1842EF0066CD9C /* ProductsControllerCoordinator.swift */,
			);
			path = Coordinator;
			sourceTree = "<group>";
		};
		11ED9B592C18450F0066CD9C /* View */ = {
			isa = PBXGroup;
			children = (
				11ED9B482C1836840066CD9C /* ProductsListViewController.swift */,
				11ED9B742C1993720066CD9C /* ProductsVIew */,
			);
			path = View;
			sourceTree = "<group>";
		};
		11ED9B5A2C18451A0066CD9C /* Coordinator */ = {
			isa = PBXGroup;
			children = (
				11ED9B5C2C18452F0066CD9C /* CartControllerCoordinator.swift */,
			);
			path = Coordinator;
			sourceTree = "<group>";
		};
		11ED9B5B2C1845200066CD9C /* View */ = {
			isa = PBXGroup;
			children = (
				11ED9B4C2C1837330066CD9C /* CartViewController.swift */,
				114412852C221E1A0048B1E4 /* CartView */,
			);
			path = View;
			sourceTree = "<group>";
		};
		11ED9B5E2C1849DD0066CD9C /* Coordinator */ = {
			isa = PBXGroup;
			children = (
				11ED9B602C184A000066CD9C /* AccountControllerCoordinator.swift */,
			);
			path = Coordinator;
			sourceTree = "<group>";
		};
		11ED9B5F2C1849EF0066CD9C /* View */ = {
			isa = PBXGroup;
			children = (
				11ED9B4A2C1836C40066CD9C /* AccountViewController.swift */,
				114412822C20D9B50048B1E4 /* ProfileView */,
				11ED9B8C2C202AB60066CD9C /* AuthView */,
			);
			path = View;
			sourceTree = "<group>";
		};
		11ED9B642C185BDD0066CD9C /* MainModel */ = {
			isa = PBXGroup;
			children = (
				11ED9B652C1882440066CD9C /* DataRepository.swift */,
				11ED9B672C1884090066CD9C /* NetworkManager.swift */,
				114412932C22E7DA0048B1E4 /* ShoppingCartService.swift */,
			);
			path = MainModel;
			sourceTree = "<group>";
		};
		11ED9B692C189EE70066CD9C /* Presenter */ = {
			isa = PBXGroup;
			children = (
				11ED9B6D2C18A1060066CD9C /* ProductsPresenter.swift */,
			);
			path = Presenter;
			sourceTree = "<group>";
		};
		11ED9B712C19931C0066CD9C /* CategoriesCollectionViewCell */ = {
			isa = PBXGroup;
			children = (
				11ED9B722C19933F0066CD9C /* CategoriesCollectionViewCell.swift */,
			);
			path = CategoriesCollectionViewCell;
			sourceTree = "<group>";
		};
		11ED9B742C1993720066CD9C /* ProductsVIew */ = {
			isa = PBXGroup;
			children = (
				11ED9B6B2C189F6A0066CD9C /* ProductsView.swift */,
				11ED9B6F2C18A12E0066CD9C /* ProductsViewModel.swift */,
				11ED9B7E2C1AE5500066CD9C /* DataSources */,
				11ED9B792C19CEAF0066CD9C /* ProductsCollectionViewCell */,
				11ED9B712C19931C0066CD9C /* CategoriesCollectionViewCell */,
			);
			path = ProductsVIew;
			sourceTree = "<group>";
		};
		11ED9B792C19CEAF0066CD9C /* ProductsCollectionViewCell */ = {
			isa = PBXGroup;
			children = (
				11ED9B7A2C19CED10066CD9C /* ProductsCollectionViewCell.swift */,
			);
			path = ProductsCollectionViewCell;
			sourceTree = "<group>";
		};
		11ED9B7E2C1AE5500066CD9C /* DataSources */ = {
			isa = PBXGroup;
			children = (
				11ED9B7C2C1AE48E0066CD9C /* ProductsCollectionViewDataSource.swift */,
				11ED9B752C19AC2A0066CD9C /* CategoriesCollectionViewDataSource.swift */,
			);
			path = DataSources;
			sourceTree = "<group>";
		};
		11ED9B7F2C1C49B30066CD9C /* Modules */ = {
			isa = PBXGroup;
			children = (
				11ED9B512C18422F0066CD9C /* StoreScreen */,
				11ED9B522C1842370066CD9C /* CartScreen */,
				11ED9B532C18423F0066CD9C /* AccountScreen */,
			);
			path = Modules;
			sourceTree = "<group>";
		};
		11ED9B802C1C510F0066CD9C /* StoreModule */ = {
			isa = PBXGroup;
			children = (
				11ED9B592C18450F0066CD9C /* View */,
				11ED9B692C189EE70066CD9C /* Presenter */,
			);
			path = StoreModule;
			sourceTree = "<group>";
		};
		11ED9B812C1C512D0066CD9C /* ProductInfoModule */ = {
			isa = PBXGroup;
			children = (
				114412882C221F350048B1E4 /* View */,
				11ED9B872C2016380066CD9C /* Presenter */,
			);
			path = ProductInfoModule;
			sourceTree = "<group>";
		};
		11ED9B842C1EE4560066CD9C /* ProductInfoView */ = {
			isa = PBXGroup;
			children = (
				11ED9B852C1EE4640066CD9C /* ProductInfoView.swift */,
				11ED9B8A2C2017DD0066CD9C /* ProductInfoModel.swift */,
			);
			path = ProductInfoView;
			sourceTree = "<group>";
		};
		11ED9B872C2016380066CD9C /* Presenter */ = {
			isa = PBXGroup;
			children = (
				11ED9B882C2016490066CD9C /* ProductsInfoPresenter.swift */,
			);
			path = Presenter;
			sourceTree = "<group>";
		};
		11ED9B8C2C202AB60066CD9C /* AuthView */ = {
			isa = PBXGroup;
			children = (
				11ED9B8D2C202AC30066CD9C /* AuthView.swift */,
			);
			path = AuthView;
			sourceTree = "<group>";
		};
		C7E1F1F4ED09AF09787046FB /* Frameworks */ = {
			isa = PBXGroup;
			children = (
				29CAC739C40BD84B3F3C9F96 /* Pods_FinalProject_CFT.framework */,
			);
			name = Frameworks;
			sourceTree = "<group>";
		};
		D0D2698A44B3F01C8D7D402A /* Pods */ = {
			isa = PBXGroup;
			children = (
				78033D19B3109A290334B03A /* Pods-FinalProject_CFT.debug.xcconfig */,
				085DF9EF259980DD47F61747 /* Pods-FinalProject_CFT.release.xcconfig */,
			);
			path = Pods;
			sourceTree = "<group>";
		};
/* End PBXGroup section */

/* Begin PBXNativeTarget section */
		11ED9B292C1833280066CD9C /* FinalProject_CFT */ = {
			isa = PBXNativeTarget;
			buildConfigurationList = 11ED9B412C1833290066CD9C /* Build configuration list for PBXNativeTarget "FinalProject_CFT" */;
			buildPhases = (
				660C154B675174B17146B0B5 /* [CP] Check Pods Manifest.lock */,
				11ED9B262C1833280066CD9C /* Sources */,
				11ED9B272C1833280066CD9C /* Frameworks */,
				11ED9B282C1833280066CD9C /* Resources */,
				2051C219714262C403368DC1 /* [CP] Embed Pods Frameworks */,
			);
			buildRules = (
			);
			dependencies = (
			);
			name = FinalProject_CFT;
			productName = FinalProject_CFT;
			productReference = 11ED9B2A2C1833280066CD9C /* FinalProject_CFT.app */;
			productType = "com.apple.product-type.application";
		};
/* End PBXNativeTarget section */

/* Begin PBXProject section */
		11ED9B222C1833280066CD9C /* Project object */ = {
			isa = PBXProject;
			attributes = {
				BuildIndependentTargetsInParallel = 1;
				LastSwiftUpdateCheck = 1520;
				LastUpgradeCheck = 1520;
				TargetAttributes = {
					11ED9B292C1833280066CD9C = {
						CreatedOnToolsVersion = 15.2;
					};
				};
			};
			buildConfigurationList = 11ED9B252C1833280066CD9C /* Build configuration list for PBXProject "FinalProject_CFT" */;
			compatibilityVersion = "Xcode 14.0";
			developmentRegion = en;
			hasScannedForEncodings = 0;
			knownRegions = (
				en,
				Base,
			);
			mainGroup = 11ED9B212C1833280066CD9C;
			productRefGroup = 11ED9B2B2C1833280066CD9C /* Products */;
			projectDirPath = "";
			projectRoot = "";
			targets = (
				11ED9B292C1833280066CD9C /* FinalProject_CFT */,
			);
		};
/* End PBXProject section */

/* Begin PBXResourcesBuildPhase section */
		11ED9B282C1833280066CD9C /* Resources */ = {
			isa = PBXResourcesBuildPhase;
			buildActionMask = 2147483647;
			files = (
				114412962C22F26D0048B1E4 /* Assets.xcassets in Resources */,
				114412972C22F26D0048B1E4 /* LaunchScreen.storyboard in Resources */,
			);
			runOnlyForDeploymentPostprocessing = 0;
		};
/* End PBXResourcesBuildPhase section */

/* Begin PBXShellScriptBuildPhase section */
		2051C219714262C403368DC1 /* [CP] Embed Pods Frameworks */ = {
			isa = PBXShellScriptBuildPhase;
			buildActionMask = 2147483647;
			files = (
			);
			inputFileListPaths = (
				"${PODS_ROOT}/Target Support Files/Pods-FinalProject_CFT/Pods-FinalProject_CFT-frameworks-${CONFIGURATION}-input-files.xcfilelist",
			);
			name = "[CP] Embed Pods Frameworks";
			outputFileListPaths = (
				"${PODS_ROOT}/Target Support Files/Pods-FinalProject_CFT/Pods-FinalProject_CFT-frameworks-${CONFIGURATION}-output-files.xcfilelist",
			);
			runOnlyForDeploymentPostprocessing = 0;
			shellPath = /bin/sh;
			shellScript = "\"${PODS_ROOT}/Target Support Files/Pods-FinalProject_CFT/Pods-FinalProject_CFT-frameworks.sh\"\n";
			showEnvVarsInLog = 0;
		};
		660C154B675174B17146B0B5 /* [CP] Check Pods Manifest.lock */ = {
			isa = PBXShellScriptBuildPhase;
			buildActionMask = 2147483647;
			files = (
			);
			inputFileListPaths = (
			);
			inputPaths = (
				"${PODS_PODFILE_DIR_PATH}/Podfile.lock",
				"${PODS_ROOT}/Manifest.lock",
			);
			name = "[CP] Check Pods Manifest.lock";
			outputFileListPaths = (
			);
			outputPaths = (
				"$(DERIVED_FILE_DIR)/Pods-FinalProject_CFT-checkManifestLockResult.txt",
			);
			runOnlyForDeploymentPostprocessing = 0;
			shellPath = /bin/sh;
			shellScript = "diff \"${PODS_PODFILE_DIR_PATH}/Podfile.lock\" \"${PODS_ROOT}/Manifest.lock\" > /dev/null\nif [ $? != 0 ] ; then\n    # print error to STDERR\n    echo \"error: The sandbox is not in sync with the Podfile.lock. Run 'pod install' or update your CocoaPods installation.\" >&2\n    exit 1\nfi\n# This output is used by Xcode 'outputs' to avoid re-running this script phase.\necho \"SUCCESS\" > \"${SCRIPT_OUTPUT_FILE_0}\"\n";
			showEnvVarsInLog = 0;
		};
/* End PBXShellScriptBuildPhase section */

/* Begin PBXSourcesBuildPhase section */
		11ED9B262C1833280066CD9C /* Sources */ = {
			isa = PBXSourcesBuildPhase;
			buildActionMask = 2147483647;
			files = (
				1144129E2C230BEB0048B1E4 /* CartCoreData.swift in Sources */,
				1144128B2C2226E90048B1E4 /* CartPresenter.swift in Sources */,
				11ED9B682C1884090066CD9C /* NetworkManager.swift in Sources */,
				114412842C20D9C40048B1E4 /* ProfileView.swift in Sources */,
				114412A02C24235E0048B1E4 /* CartViewModel.swift in Sources */,
				1144127E2C2041350048B1E4 /* AccountPresenter.swift in Sources */,
				11ED9B6C2C189F6A0066CD9C /* ProductsView.swift in Sources */,
				11ED9B732C19933F0066CD9C /* CategoriesCollectionViewCell.swift in Sources */,
				11ED9B6E2C18A1060066CD9C /* ProductsPresenter.swift in Sources */,
				11ED9B832C1C51570066CD9C /* ProductInformationViewContoller.swift in Sources */,
				11ED9B702C18A12E0066CD9C /* ProductsViewModel.swift in Sources */,
				114412812C20CAC10048B1E4 /* KeyStorage.swift in Sources */,
				114412A22C2423C20048B1E4 /* CartCollectionViewDataSource.swift in Sources */,
				11ED9B2E2C1833280066CD9C /* AppDelegate.swift in Sources */,
				11ED9B862C1EE4640066CD9C /* ProductInfoView.swift in Sources */,
				11ED9B892C2016490066CD9C /* ProductsInfoPresenter.swift in Sources */,
				11ED9B612C184A000066CD9C /* AccountControllerCoordinator.swift in Sources */,
				11ED9B662C1882440066CD9C /* DataRepository.swift in Sources */,
				11ED9B492C1836840066CD9C /* ProductsListViewController.swift in Sources */,
				11ED9B8E2C202AC30066CD9C /* AuthView.swift in Sources */,
				11ED9B4D2C1837330066CD9C /* CartViewController.swift in Sources */,
				11ED9B382C1833280066CD9C /* FinalProject_CFT.xcdatamodeld in Sources */,
				11ED9B4B2C1836C40066CD9C /* AccountViewController.swift in Sources */,
				11ED9B7B2C19CED10066CD9C /* ProductsCollectionViewCell.swift in Sources */,
				114412942C22E7DA0048B1E4 /* ShoppingCartService.swift in Sources */,
				11ED9B562C1842EF0066CD9C /* ProductsControllerCoordinator.swift in Sources */,
				11ED9B762C19AC2A0066CD9C /* CategoriesCollectionViewDataSource.swift in Sources */,
				114412872C221E280048B1E4 /* CartView.swift in Sources */,
				11ED9B582C1843090066CD9C /* TabBarCoordinator.swift in Sources */,
				11ED9B7D2C1AE48E0066CD9C /* ProductsCollectionViewDataSource.swift in Sources */,
				11ED9B5D2C18452F0066CD9C /* CartControllerCoordinator.swift in Sources */,
				11ED9B8B2C2017DD0066CD9C /* ProductInfoModel.swift in Sources */,
				114412A52C243A430048B1E4 /* CartCollectionViewCell.swift in Sources */,
				11ED9B302C1833280066CD9C /* SceneDelegate.swift in Sources */,
			);
			runOnlyForDeploymentPostprocessing = 0;
		};
/* End PBXSourcesBuildPhase section */

/* Begin PBXVariantGroup section */
		11ED9B3B2C1833290066CD9C /* LaunchScreen.storyboard */ = {
			isa = PBXVariantGroup;
			children = (
				11ED9B3C2C1833290066CD9C /* Base */,
			);
			name = LaunchScreen.storyboard;
			sourceTree = "<group>";
		};
/* End PBXVariantGroup section */

/* Begin XCBuildConfiguration section */
		11ED9B3F2C1833290066CD9C /* Debug */ = {
			isa = XCBuildConfiguration;
			buildSettings = {
				ALWAYS_SEARCH_USER_PATHS = NO;
				ASSETCATALOG_COMPILER_GENERATE_SWIFT_ASSET_SYMBOL_EXTENSIONS = YES;
				CLANG_ANALYZER_NONNULL = YES;
				CLANG_ANALYZER_NUMBER_OBJECT_CONVERSION = YES_AGGRESSIVE;
				CLANG_CXX_LANGUAGE_STANDARD = "gnu++20";
				CLANG_ENABLE_MODULES = YES;
				CLANG_ENABLE_OBJC_ARC = YES;
				CLANG_ENABLE_OBJC_WEAK = YES;
				CLANG_WARN_BLOCK_CAPTURE_AUTORELEASING = YES;
				CLANG_WARN_BOOL_CONVERSION = YES;
				CLANG_WARN_COMMA = YES;
				CLANG_WARN_CONSTANT_CONVERSION = YES;
				CLANG_WARN_DEPRECATED_OBJC_IMPLEMENTATIONS = YES;
				CLANG_WARN_DIRECT_OBJC_ISA_USAGE = YES_ERROR;
				CLANG_WARN_DOCUMENTATION_COMMENTS = YES;
				CLANG_WARN_EMPTY_BODY = YES;
				CLANG_WARN_ENUM_CONVERSION = YES;
				CLANG_WARN_INFINITE_RECURSION = YES;
				CLANG_WARN_INT_CONVERSION = YES;
				CLANG_WARN_NON_LITERAL_NULL_CONVERSION = YES;
				CLANG_WARN_OBJC_IMPLICIT_RETAIN_SELF = YES;
				CLANG_WARN_OBJC_LITERAL_CONVERSION = YES;
				CLANG_WARN_OBJC_ROOT_CLASS = YES_ERROR;
				CLANG_WARN_QUOTED_INCLUDE_IN_FRAMEWORK_HEADER = YES;
				CLANG_WARN_RANGE_LOOP_ANALYSIS = YES;
				CLANG_WARN_STRICT_PROTOTYPES = YES;
				CLANG_WARN_SUSPICIOUS_MOVE = YES;
				CLANG_WARN_UNGUARDED_AVAILABILITY = YES_AGGRESSIVE;
				CLANG_WARN_UNREACHABLE_CODE = YES;
				CLANG_WARN__DUPLICATE_METHOD_MATCH = YES;
				COPY_PHASE_STRIP = NO;
				DEBUG_INFORMATION_FORMAT = dwarf;
				ENABLE_STRICT_OBJC_MSGSEND = YES;
				ENABLE_TESTABILITY = YES;
				ENABLE_USER_SCRIPT_SANDBOXING = NO;
				GCC_C_LANGUAGE_STANDARD = gnu17;
				GCC_DYNAMIC_NO_PIC = NO;
				GCC_NO_COMMON_BLOCKS = YES;
				GCC_OPTIMIZATION_LEVEL = 0;
				GCC_PREPROCESSOR_DEFINITIONS = (
					"DEBUG=1",
					"$(inherited)",
				);
				GCC_WARN_64_TO_32_BIT_CONVERSION = YES;
				GCC_WARN_ABOUT_RETURN_TYPE = YES_ERROR;
				GCC_WARN_UNDECLARED_SELECTOR = YES;
				GCC_WARN_UNINITIALIZED_AUTOS = YES_AGGRESSIVE;
				GCC_WARN_UNUSED_FUNCTION = YES;
				GCC_WARN_UNUSED_VARIABLE = YES;
				IPHONEOS_DEPLOYMENT_TARGET = 17.2;
				LOCALIZATION_PREFERS_STRING_CATALOGS = YES;
				MTL_ENABLE_DEBUG_INFO = INCLUDE_SOURCE;
				MTL_FAST_MATH = YES;
				ONLY_ACTIVE_ARCH = YES;
				SDKROOT = iphoneos;
				SWIFT_ACTIVE_COMPILATION_CONDITIONS = "DEBUG $(inherited)";
				SWIFT_OPTIMIZATION_LEVEL = "-Onone";
			};
			name = Debug;
		};
		11ED9B402C1833290066CD9C /* Release */ = {
			isa = XCBuildConfiguration;
			buildSettings = {
				ALWAYS_SEARCH_USER_PATHS = NO;
				ASSETCATALOG_COMPILER_GENERATE_SWIFT_ASSET_SYMBOL_EXTENSIONS = YES;
				CLANG_ANALYZER_NONNULL = YES;
				CLANG_ANALYZER_NUMBER_OBJECT_CONVERSION = YES_AGGRESSIVE;
				CLANG_CXX_LANGUAGE_STANDARD = "gnu++20";
				CLANG_ENABLE_MODULES = YES;
				CLANG_ENABLE_OBJC_ARC = YES;
				CLANG_ENABLE_OBJC_WEAK = YES;
				CLANG_WARN_BLOCK_CAPTURE_AUTORELEASING = YES;
				CLANG_WARN_BOOL_CONVERSION = YES;
				CLANG_WARN_COMMA = YES;
				CLANG_WARN_CONSTANT_CONVERSION = YES;
				CLANG_WARN_DEPRECATED_OBJC_IMPLEMENTATIONS = YES;
				CLANG_WARN_DIRECT_OBJC_ISA_USAGE = YES_ERROR;
				CLANG_WARN_DOCUMENTATION_COMMENTS = YES;
				CLANG_WARN_EMPTY_BODY = YES;
				CLANG_WARN_ENUM_CONVERSION = YES;
				CLANG_WARN_INFINITE_RECURSION = YES;
				CLANG_WARN_INT_CONVERSION = YES;
				CLANG_WARN_NON_LITERAL_NULL_CONVERSION = YES;
				CLANG_WARN_OBJC_IMPLICIT_RETAIN_SELF = YES;
				CLANG_WARN_OBJC_LITERAL_CONVERSION = YES;
				CLANG_WARN_OBJC_ROOT_CLASS = YES_ERROR;
				CLANG_WARN_QUOTED_INCLUDE_IN_FRAMEWORK_HEADER = YES;
				CLANG_WARN_RANGE_LOOP_ANALYSIS = YES;
				CLANG_WARN_STRICT_PROTOTYPES = YES;
				CLANG_WARN_SUSPICIOUS_MOVE = YES;
				CLANG_WARN_UNGUARDED_AVAILABILITY = YES_AGGRESSIVE;
				CLANG_WARN_UNREACHABLE_CODE = YES;
				CLANG_WARN__DUPLICATE_METHOD_MATCH = YES;
				COPY_PHASE_STRIP = NO;
				DEBUG_INFORMATION_FORMAT = "dwarf-with-dsym";
				ENABLE_NS_ASSERTIONS = NO;
				ENABLE_STRICT_OBJC_MSGSEND = YES;
				ENABLE_USER_SCRIPT_SANDBOXING = NO;
				GCC_C_LANGUAGE_STANDARD = gnu17;
				GCC_NO_COMMON_BLOCKS = YES;
				GCC_WARN_64_TO_32_BIT_CONVERSION = YES;
				GCC_WARN_ABOUT_RETURN_TYPE = YES_ERROR;
				GCC_WARN_UNDECLARED_SELECTOR = YES;
				GCC_WARN_UNINITIALIZED_AUTOS = YES_AGGRESSIVE;
				GCC_WARN_UNUSED_FUNCTION = YES;
				GCC_WARN_UNUSED_VARIABLE = YES;
				IPHONEOS_DEPLOYMENT_TARGET = 17.2;
				LOCALIZATION_PREFERS_STRING_CATALOGS = YES;
				MTL_ENABLE_DEBUG_INFO = NO;
				MTL_FAST_MATH = YES;
				SDKROOT = iphoneos;
				SWIFT_COMPILATION_MODE = wholemodule;
				VALIDATE_PRODUCT = YES;
			};
			name = Release;
		};
		11ED9B422C1833290066CD9C /* Debug */ = {
			isa = XCBuildConfiguration;
			baseConfigurationReference = 78033D19B3109A290334B03A /* Pods-FinalProject_CFT.debug.xcconfig */;
			buildSettings = {
				ASSETCATALOG_COMPILER_APPICON_NAME = AppIcon;
				ASSETCATALOG_COMPILER_GLOBAL_ACCENT_COLOR_NAME = AccentColor;
				CODE_SIGN_STYLE = Automatic;
				CURRENT_PROJECT_VERSION = 1;
				DEVELOPMENT_TEAM = TA66ZBP42J;
				GENERATE_INFOPLIST_FILE = YES;
				INFOPLIST_FILE = FinalProject_CFT/Resources/Info.plist;
				INFOPLIST_KEY_UIApplicationSupportsIndirectInputEvents = YES;
				INFOPLIST_KEY_UILaunchStoryboardName = LaunchScreen;
				INFOPLIST_KEY_UISupportedInterfaceOrientations = UIInterfaceOrientationPortrait;
				LD_RUNPATH_SEARCH_PATHS = (
					"$(inherited)",
					"@executable_path/Frameworks",
				);
				MARKETING_VERSION = 1.0;
				PRODUCT_BUNDLE_IDENTIFIER = "com.vyacheslav.FinalProject-CFT";
				PRODUCT_NAME = "$(TARGET_NAME)";
				SWIFT_EMIT_LOC_STRINGS = YES;
				SWIFT_VERSION = 5.0;
				TARGETED_DEVICE_FAMILY = "1,2";
			};
			name = Debug;
		};
		11ED9B432C1833290066CD9C /* Release */ = {
			isa = XCBuildConfiguration;
			baseConfigurationReference = 085DF9EF259980DD47F61747 /* Pods-FinalProject_CFT.release.xcconfig */;
			buildSettings = {
				ASSETCATALOG_COMPILER_APPICON_NAME = AppIcon;
				ASSETCATALOG_COMPILER_GLOBAL_ACCENT_COLOR_NAME = AccentColor;
				CODE_SIGN_STYLE = Automatic;
				CURRENT_PROJECT_VERSION = 1;
				DEVELOPMENT_TEAM = TA66ZBP42J;
				GENERATE_INFOPLIST_FILE = YES;
				INFOPLIST_FILE = FinalProject_CFT/Resources/Info.plist;
				INFOPLIST_KEY_UIApplicationSupportsIndirectInputEvents = YES;
				INFOPLIST_KEY_UILaunchStoryboardName = LaunchScreen;
				INFOPLIST_KEY_UISupportedInterfaceOrientations = UIInterfaceOrientationPortrait;
				LD_RUNPATH_SEARCH_PATHS = (
					"$(inherited)",
					"@executable_path/Frameworks",
				);
				MARKETING_VERSION = 1.0;
				PRODUCT_BUNDLE_IDENTIFIER = "com.vyacheslav.FinalProject-CFT";
				PRODUCT_NAME = "$(TARGET_NAME)";
				SWIFT_EMIT_LOC_STRINGS = YES;
				SWIFT_VERSION = 5.0;
				TARGETED_DEVICE_FAMILY = "1,2";
			};
			name = Release;
		};
/* End XCBuildConfiguration section */

/* Begin XCConfigurationList section */
		11ED9B252C1833280066CD9C /* Build configuration list for PBXProject "FinalProject_CFT" */ = {
			isa = XCConfigurationList;
			buildConfigurations = (
				11ED9B3F2C1833290066CD9C /* Debug */,
				11ED9B402C1833290066CD9C /* Release */,
			);
			defaultConfigurationIsVisible = 0;
			defaultConfigurationName = Release;
		};
		11ED9B412C1833290066CD9C /* Build configuration list for PBXNativeTarget "FinalProject_CFT" */ = {
			isa = XCConfigurationList;
			buildConfigurations = (
				11ED9B422C1833290066CD9C /* Debug */,
				11ED9B432C1833290066CD9C /* Release */,
			);
			defaultConfigurationIsVisible = 0;
			defaultConfigurationName = Release;
		};
/* End XCConfigurationList section */

/* Begin XCVersionGroup section */
		11ED9B362C1833280066CD9C /* FinalProject_CFT.xcdatamodeld */ = {
			isa = XCVersionGroup;
			children = (
				11ED9B372C1833280066CD9C /* FinalProject_CFT.xcdatamodel */,
			);
			currentVersion = 11ED9B372C1833280066CD9C /* FinalProject_CFT.xcdatamodel */;
			path = FinalProject_CFT.xcdatamodeld;
			sourceTree = "<group>";
			versionGroupType = wrapper.xcdatamodel;
		};
/* End XCVersionGroup section */
	};
	rootObject = 11ED9B222C1833280066CD9C /* Project object */;
}
